
Microsoft Visual Studio Solution File, Format Version 10.00
# Visual C# Express 2008
Project("{FAE04EC0-301F-11D3-BF4B-00C04F79EFBC}") = "JobsDisplay", "JobsDisplay\JobsDisplay.csproj", "{FC812A65-BC83-43E8-AA80-179204D3584A}"
EndProject
Global
	GlobalSection(SolutionConfigurationPlatforms) = preSolution
		Debug|Any CPU = Debug|Any CPU
		Release|Any CPU = Release|Any CPU
	EndGlobalSection
	GlobalSection(ProjectConfigurationPlatforms) = postSolution
		{FC812A65-BC83-43E8-AA80-179204D3584A}.Debug|Any CPU.ActiveCfg = Debug|Any CPU
		{FC812A65-BC83-43E8-AA80-179204D3584A}.Debug|Any CPU.Build.0 = Debug|Any CPU
		{FC812A65-BC83-43E8-AA80-179204D3584A}.Release|Any CPU.ActiveCfg = Release|Any CPU
		{FC812A65-BC83-43E8-AA80-179204D3584A}.Release|Any CPU.Build.0 = Release|Any CPU
	EndGlobalSection
	GlobalSection(SolutionProperties) = preSolution
		HideSolutionNode = FALSE
	EndGlobalSection
EndGlobal
